Microsoft Visual Studio Solution File, Format Version 12.00
# Visual Studio 14
VisualStudioVersion = 14.0.25420.1
MinimumVisualStudioVersion = 10.0.40219.1
Project("{FAE04EC0-301F-11D3-BF4B-00C04F79EFBC}") = "Eve.Collections", "Eve.Collections\Eve.Collections.csproj", "{4674AA14-BABD-47EE-B608-AAFF1D3FEF13}"
EndProject
Project("{FAE04EC0-301F-11D3-BF4B-00C04F79EFBC}") = "Eve.CollectionsTest", "Eve.CollectionsTest\Eve.CollectionsTest.csproj", "{4229CCF3-904B-4329-AD20-701FA832E2D7}"
EndProject
Project("{2150E333-8FDC-42A3-9474-1A3956D46DE8}") = "Solution Items", "Solution Items", "{FDCCA75F-CD21-4049-81A1-B3B4D6499ECF}"
	ProjectSection(SolutionItems) = preProject
		LICENSE = LICENSE
		README.md = README.md
	EndProjectSection
EndProject
Global
	GlobalSection(SolutionConfigurationPlatforms) = preSolution
		Debug|Any CPU = Debug|Any CPU
		Release|Any CPU = Release|Any CPU
	EndGlobalSection
	GlobalSection(ProjectConfigurationPlatforms) = postSolution
		{4674AA14-BABD-47EE-B608-AAFF1D3FEF13}.Debug|Any CPU.ActiveCfg = Debug|Any CPU
		{4674AA14-BABD-47EE-B608-AAFF1D3FEF13}.Debug|Any CPU.Build.0 = Debug|Any CPU
		{4674AA14-BABD-47EE-B608-AAFF1D3FEF13}.Release|Any CPU.ActiveCfg = Release|Any CPU
		{4674AA14-BABD-47EE-B608-AAFF1D3FEF13}.Release|Any CPU.Build.0 = Release|Any CPU
		{4229CCF3-904B-4329-AD20-701FA832E2D7}.Debug|Any CPU.ActiveCfg = Debug|Any CPU
		{4229CCF3-904B-4329-AD20-701FA832E2D7}.Debug|Any CPU.Build.0 = Debug|Any CPU
		{4229CCF3-904B-4329-AD20-701FA832E2D7}.Release|Any CPU.ActiveCfg = Release|Any CPU
		{4229CCF3-904B-4329-AD20-701FA832E2D7}.Release|Any CPU.Build.0 = Release|Any CPU
	EndGlobalSection
	GlobalSection(SolutionProperties) = preSolution
		HideSolutionNode = FALSE
	EndGlobalSection
EndGlobal
